// !$*UTF8*$!
{
	archiveVersion = 1;
	classes = {
	};
	objectVersion = 56;
	objects = {

/* Begin PBXBuildFile section */
		93FA5B6C2B64FCC200390115 /* AppDelegate.swift in Sources */ = {isa = PBXBuildFile; fileRef = 93FA5B6B2B64FCC200390115 /* AppDelegate.swift */; };
		93FA5B6E2B64FCC200390115 /* SceneDelegate.swift in Sources */ = {isa = PBXBuildFile; fileRef = 93FA5B6D2B64FCC200390115 /* SceneDelegate.swift */; };
		93FA5B702B64FCC200390115 /* ViewController.swift in Sources */ = {isa = PBXBuildFile; fileRef = 93FA5B6F2B64FCC200390115 /* ViewController.swift */; };
		93FA5B732B64FCC200390115 /* Main.storyboard in Resources */ = {isa = PBXBuildFile; fileRef = 93FA5B712B64FCC200390115 /* Main.storyboard */; };
		93FA5B752B64FCC400390115 /* Assets.xcassets in Resources */ = {isa = PBXBuildFile; fileRef = 93FA5B742B64FCC400390115 /* Assets.xcassets */; };
		93FA5B782B64FCC400390115 /* LaunchScreen.storyboard in Resources */ = {isa = PBXBuildFile; fileRef = 93FA5B762B64FCC400390115 /* LaunchScreen.storyboard */; };
		93FA5B822B64FDD100390115 /* README.md in Resources */ = {isa = PBXBuildFile; fileRef = 93FA5B812B64FDD100390115 /* README.md */; };
		93FA5B8B2B650B0000390115 /* D.wav in Resources */ = {isa = PBXBuildFile; fileRef = 93FA5B842B650B0000390115 /* D.wav */; };
		93FA5B8C2B650B0000390115 /* E.wav in Resources */ = {isa = PBXBuildFile; fileRef = 93FA5B852B650B0000390115 /* E.wav */; };
		93FA5B8D2B650B0000390115 /* B.wav in Resources */ = {isa = PBXBuildFile; fileRef = 93FA5B862B650B0000390115 /* B.wav */; };
		93FA5B8E2B650B0000390115 /* A.wav in Resources */ = {isa = PBXBuildFile; fileRef = 93FA5B872B650B0000390115 /* A.wav */; };
		93FA5B8F2B650B0000390115 /* F.wav in Resources */ = {isa = PBXBuildFile; fileRef = 93FA5B882B650B0000390115 /* F.wav */; };
		93FA5B902B650B0000390115 /* G.wav in Resources */ = {isa = PBXBuildFile; fileRef = 93FA5B892B650B0000390115 /* G.wav */; };
		93FA5B912B650B0000390115 /* C.wav in Resources */ = {isa = PBXBuildFile; fileRef = 93FA5B8A2B650B0000390115 /* C.wav */; };
/* End PBXBuildFile section */

/* Begin PBXFileReference section */
		93FA5B682B64FCC200390115 /* Xylophone.app */ = {isa = PBXFileReference; explicitFileType = wrapper.application; includeInIndex = 0; path = Xylophone.app; sourceTree = BUILT_PRODUCTS_DIR; };
		93FA5B6B2B64FCC200390115 /* AppDelegate.swift */ = {isa = PBXFileReference; lastKnownFileType = sourcecode.swift; path = AppDelegate.swift; sourceTree = "<group>"; };
		93FA5B6D2B64FCC200390115 /* SceneDelegate.swift */ = {isa = PBXFileReference; lastKnownFileType = sourcecode.swift; path = SceneDelegate.swift; sourceTree = "<group>"; };
		93FA5B6F2B64FCC200390115 /* ViewController.swift */ = {isa = PBXFileReference; lastKnownFileType = sourcecode.swift; path = ViewController.swift; sourceTree = "<group>"; };
		93FA5B722B64FCC200390115 /* Base */ = {isa = PBXFileReference; lastKnownFileType = file.storyboard; name = Base; path = Base.lproj/Main.storyboard; sourceTree = "<group>"; };
		93FA5B742B64FCC400390115 /* Assets.xcassets */ = {isa = PBXFileReference; lastKnownFileType = folder.assetcatalog; path = Assets.xcassets; sourceTree = "<group>"; };
		93FA5B772B64FCC400390115 /* Base */ = {isa = PBXFileReference; lastKnownFileType = file.storyboard; name = Base; path = Base.lproj/LaunchScreen.storyboard; sourceTree = "<group>"; };
		93FA5B792B64FCC400390115 /* Info.plist */ = {isa = PBXFileReference; lastKnownFileType = text.plist.xml; path = Info.plist; sourceTree = "<group>"; };
		93FA5B812B64FDD100390115 /* README.md */ = {isa = PBXFileReference; fileEncoding = 4; lastKnownFileType = net.daringfireball.markdown; path = README.md; sourceTree = "<group>"; };
		93FA5B842B650B0000390115 /* D.wav */ = {isa = PBXFileReference; lastKnownFileType = audio.wav; path = D.wav; sourceTree = "<group>"; };
		93FA5B852B650B0000390115 /* E.wav */ = {isa = PBXFileReference; lastKnownFileType = audio.wav; path = E.wav; sourceTree = "<group>"; };
		93FA5B862B650B0000390115 /* B.wav */ = {isa = PBXFileReference; lastKnownFileType = audio.wav; path = B.wav; sourceTree = "<group>"; };
		93FA5B872B650B0000390115 /* A.wav */ = {isa = PBXFileReference; lastKnownFileType = audio.wav; path = A.wav; sourceTree = "<group>"; };
		93FA5B882B650B0000390115 /* F.wav */ = {isa = PBXFileReference; lastKnownFileType = audio.wav; path = F.wav; sourceTree = "<group>"; };
		93FA5B892B650B0000390115 /* G.wav */ = {isa = PBXFileReference; lastKnownFileType = audio.wav; path = G.wav; sourceTree = "<group>"; };
		93FA5B8A2B650B0000390115 /* C.wav */ = {isa = PBXFileReference; lastKnownFileType = audio.wav; path = C.wav; sourceTree = "<group>"; };
/* End PBXFileReference section */

/* Begin PBXFrameworksBuildPhase section */
		93FA5B652B64FCC200390115 /* Frameworks */ = {
			isa = PBXFrameworksBuildPhase;
			buildActionMask = 2147483647;
			files = (
			);
			runOnlyForDeploymentPostprocessing = 0;
		};
/* End PBXFrameworksBuildPhase section */

/* Begin PBXGroup section */
		93FA5B5F2B64FCC200390115 = {
			isa = PBXGroup;
			children = (
				93FA5B6A2B64FCC200390115 /* Xylophone */,
				93FA5B832B650AF200390115 /* AudioSound */,
				93FA5B692B64FCC200390115 /* Products */,
			);
			sourceTree = "<group>";
		};
		93FA5B692B64FCC200390115 /* Products */ = {
			isa = PBXGroup;
			children = (
				93FA5B682B64FCC200390115 /* Xylophone.app */,
			);
			name = Products;
			sourceTree = "<group>";
		};
		93FA5B6A2B64FCC200390115 /* Xylophone */ = {
			isa = PBXGroup;
			children = (
				93FA5B6B2B64FCC200390115 /* AppDelegate.swift */,
				93FA5B6D2B64FCC200390115 /* SceneDelegate.swift */,
				93FA5B6F2B64FCC200390115 /* ViewController.swift */,
				93FA5B712B64FCC200390115 /* Main.storyboard */,
				93FA5B742B64FCC400390115 /* Assets.xcassets */,
				93FA5B762B64FCC400390115 /* LaunchScreen.storyboard */,
				93FA5B792B64FCC400390115 /* Info.plist */,
				93FA5B812B64FDD100390115 /* README.md */,
			);
			path = Xylophone;
			sourceTree = "<group>";
		};
		93FA5B832B650AF200390115 /* AudioSound */ = {
			isa = PBXGroup;
			children = (
				93FA5B872B650B0000390115 /* A.wav */,
				93FA5B862B650B0000390115 /* B.wav */,
				93FA5B8A2B650B0000390115 /* C.wav */,
				93FA5B842B650B0000390115 /* D.wav */,
				93FA5B852B650B0000390115 /* E.wav */,
				93FA5B882B650B0000390115 /* F.wav */,
				93FA5B892B650B0000390115 /* G.wav */,
			);
			path = AudioSound;
			sourceTree = "<group>";
		};
/* End PBXGroup section */

/* Begin PBXNativeTarget section */
		93FA5B672B64FCC200390115 /* Xylophone */ = {
			isa = PBXNativeTarget;
			buildConfigurationList = 93FA5B7C2B64FCC400390115 /* Build configuration list for PBXNativeTarget "Xylophone" */;
			buildPhases = (
				93FA5B642B64FCC200390115 /* Sources */,
				93FA5B652B64FCC200390115 /* Frameworks */,
				93FA5B662B64FCC200390115 /* Resources */,
			);
			buildRules = (
			);
			dependencies = (
			);
			name = Xylophone;
			productName = Xylophone;
			productReference = 93FA5B682B64FCC200390115 /* Xylophone.app */;
			productType = "com.apple.product-type.application";
		};
/* End PBXNativeTarget section */

/* Begin PBXProject section */
		93FA5B602B64FCC200390115 /* Project object */ = {
			isa = PBXProject;
			attributes = {
				BuildIndependentTargetsInParallel = 1;
				LastSwiftUpdateCheck = 1520;
				LastUpgradeCheck = 1520;
				TargetAttributes = {
					93FA5B672B64FCC200390115 = {
						CreatedOnToolsVersion = 15.2;
					};
				};
			};
			buildConfigurationList = 93FA5B632B64FCC200390115 /* Build configuration list for PBXProject "Xylophone" */;
			compatibilityVersion = "Xcode 14.0";
			developmentRegion = en;
			hasScannedForEncodings = 0;
			knownRegions = (
				en,
				Base,
			);
			mainGroup = 93FA5B5F2B64FCC200390115;
			productRefGroup = 93FA5B692B64FCC200390115 /* Products */;
			projectDirPath = "";
			projectRoot = "";
			targets = (
				93FA5B672B64FCC200390115 /* Xylophone */,
			);
		};
/* End PBXProject section */

/* Begin PBXResourcesBuildPhase section */
		93FA5B662B64FCC200390115 /* Resources */ = {
			isa = PBXResourcesBuildPhase;
			buildActionMask = 2147483647;
			files = (
				93FA5B912B650B0000390115 /* C.wav in Resources */,
				93FA5B902B650B0000390115 /* G.wav in Resources */,
				93FA5B8E2B650B0000390115 /* A.wav in Resources */,
				93FA5B782B64FCC400390115 /* LaunchScreen.storyboard in Resources */,
				93FA5B752B64FCC400390115 /* Assets.xcassets in Resources */,
				93FA5B8F2B650B0000390115 /* F.wav in Resources */,
				93FA5B822B64FDD100390115 /* README.md in Resources */,
				93FA5B8D2B650B0000390115 /* B.wav in Resources */,
				93FA5B8B2B650B0000390115 /* D.wav in Resources */,
				93FA5B8C2B650B0000390115 /* E.wav in Resources */,
				93FA5B732B64FCC200390115 /* Main.storyboard in Resources */,
			);
			runOnlyForDeploymentPostprocessing = 0;
		};
/* End PBXResourcesBuildPhase section */

/* Begin PBXSourcesBuildPhase section */
		93FA5B642B64FCC200390115 /* Sources */ = {
			isa = PBXSourcesBuildPhase;
			buildActionMask = 2147483647;
			files = (
				93FA5B702B64FCC200390115 /* ViewController.swift in Sources */,
				93FA5B6C2B64FCC200390115 /* AppDelegate.swift in Sources */,
				93FA5B6E2B64FCC200390115 /* SceneDelegate.swift in Sources */,
			);
			runOnlyForDeploymentPostprocessing = 0;
		};
/* End PBXSourcesBuildPhase section */

/* Begin PBXVariantGroup section */
		93FA5B712B64FCC200390115 /* Main.storyboard */ = {
			isa = PBXVariantGroup;
			children = (
				93FA5B722B64FCC200390115 /* Base */,
			);
			name = Main.storyboard;
			sourceTree = "<group>";
		};
		93FA5B762B64FCC400390115 /* LaunchScreen.storyboard */ = {
			isa = PBXVariantGroup;
			children = (
				93FA5B772B64FCC400390115 /* Base */,
			);
			name = LaunchScreen.storyboard;
			sourceTree = "<group>";
		};
/* End PBXVariantGroup section */

/* Begin XCBuildConfiguration section */
		93FA5B7A2B64FCC400390115 /* Debug */ = {
			isa = XCBuildConfiguration;
			buildSettings = {
				ALWAYS_SEARCH_USER_PATHS = NO;
				ASSETCATALOG_COMPILER_GENERATE_SWIFT_ASSET_SYMBOL_EXTENSIONS = YES;
				CLANG_ANALYZER_NONNULL = YES;
				CLANG_ANALYZER_NUMBER_OBJECT_CONVERSION = YES_AGGRESSIVE;
				CLANG_CXX_LANGUAGE_STANDARD = "gnu++20";
				CLANG_ENABLE_MODULES = YES;
				CLANG_ENABLE_OBJC_ARC = YES;
				CLANG_ENABLE_OBJC_WEAK = YES;
				CLANG_WARN_BLOCK_CAPTURE_AUTORELEASING = YES;
				CLANG_WARN_BOOL_CONVERSION = YES;
				CLANG_WARN_COMMA = YES;
				CLANG_WARN_CONSTANT_CONVERSION = YES;
				CLANG_WARN_DEPRECATED_OBJC_IMPLEMENTATIONS = YES;
				CLANG_WARN_DIRECT_OBJC_ISA_USAGE = YES_ERROR;
				CLANG_WARN_DOCUMENTATION_COMMENTS = YES;
				CLANG_WARN_EMPTY_BODY = YES;
				CLANG_WARN_ENUM_CONVERSION = YES;
				CLANG_WARN_INFINITE_RECURSION = YES;
				CLANG_WARN_INT_CONVERSION = YES;
				CLANG_WARN_NON_LITERAL_NULL_CONVERSION = YES;
				CLANG_WARN_OBJC_IMPLICIT_RETAIN_SELF = YES;
				CLANG_WARN_OBJC_LITERAL_CONVERSION = YES;
				CLANG_WARN_OBJC_ROOT_CLASS = YES_ERROR;
				CLANG_WARN_QUOTED_INCLUDE_IN_FRAMEWORK_HEADER = YES;
				CLANG_WARN_RANGE_LOOP_ANALYSIS = YES;
				CLANG_WARN_STRICT_PROTOTYPES = YES;
				CLANG_WARN_SUSPICIOUS_MOVE = YES;
				CLANG_WARN_UNGUARDED_AVAILABILITY = YES_AGGRESSIVE;
				CLANG_WARN_UNREACHABLE_CODE = YES;
				CLANG_WARN__DUPLICATE_METHOD_MATCH = YES;
				COPY_PHASE_STRIP = NO;
				DEBUG_INFORMATION_FORMAT = dwarf;
				ENABLE_STRICT_OBJC_MSGSEND = YES;
				ENABLE_TESTABILITY = YES;
				ENABLE_USER_SCRIPT_SANDBOXING = YES;
				GCC_C_LANGUAGE_STANDARD = gnu17;
				GCC_DYNAMIC_NO_PIC = NO;
				GCC_NO_COMMON_BLOCKS = YES;
				GCC_OPTIMIZATION_LEVEL = 0;
				GCC_PREPROCESSOR_DEFINITIONS = (
					"DEBUG=1",
					"$(inherited)",
				);
				GCC_WARN_64_TO_32_BIT_CONVERSION = YES;
				GCC_WARN_ABOUT_RETURN_TYPE = YES_ERROR;
				GCC_WARN_UNDECLARED_SELECTOR = YES;
				GCC_WARN_UNINITIALIZED_AUTOS = YES_AGGRESSIVE;
				GCC_WARN_UNUSED_FUNCTION = YES;
				GCC_WARN_UNUSED_VARIABLE = YES;
				IPHONEOS_DEPLOYMENT_TARGET = 16.0;
				LOCALIZATION_PREFERS_STRING_CATALOGS = YES;
				MTL_ENABLE_DEBUG_INFO = INCLUDE_SOURCE;
				MTL_FAST_MATH = YES;
				ONLY_ACTIVE_ARCH = YES;
				SDKROOT = iphoneos;
				SWIFT_ACTIVE_COMPILATION_CONDITIONS = "DEBUG $(inherited)";
				SWIFT_OPTIMIZATION_LEVEL = "-Onone";
			};
			name = Debug;
		};
		93FA5B7B2B64FCC400390115 /* Release */ = {
			isa = XCBuildConfiguration;
			buildSettings = {
				ALWAYS_SEARCH_USER_PATHS = NO;
				ASSETCATALOG_COMPILER_GENERATE_SWIFT_ASSET_SYMBOL_EXTENSIONS = YES;
				CLANG_ANALYZER_NONNULL = YES;
				CLANG_ANALYZER_NUMBER_OBJECT_CONVERSION = YES_AGGRESSIVE;
				CLANG_CXX_LANGUAGE_STANDARD = "gnu++20";
				CLANG_ENABLE_MODULES = YES;
				CLANG_ENABLE_OBJC_ARC = YES;
				CLANG_ENABLE_OBJC_WEAK = YES;
				CLANG_WARN_BLOCK_CAPTURE_AUTORELEASING = YES;
				CLANG_WARN_BOOL_CONVERSION = YES;
				CLANG_WARN_COMMA = YES;
				CLANG_WARN_CONSTANT_CONVERSION = YES;
				CLANG_WARN_DEPRECATED_OBJC_IMPLEMENTATIONS = YES;
				CLANG_WARN_DIRECT_OBJC_ISA_USAGE = YES_ERROR;
				CLANG_WARN_DOCUMENTATION_COMMENTS = YES;
				CLANG_WARN_EMPTY_BODY = YES;
				CLANG_WARN_ENUM_CONVERSION = YES;
				CLANG_WARN_INFINITE_RECURSION = YES;
				CLANG_WARN_INT_CONVERSION = YES;
				CLANG_WARN_NON_LITERAL_NULL_CONVERSION = YES;
				CLANG_WARN_OBJC_IMPLICIT_RETAIN_SELF = YES;
				CLANG_WARN_OBJC_LITERAL_CONVERSION = YES;
				CLANG_WARN_OBJC_ROOT_CLASS = YES_ERROR;
				CLANG_WARN_QUOTED_INCLUDE_IN_FRAMEWORK_HEADER = YES;
				CLANG_WARN_RANGE_LOOP_ANALYSIS = YES;
				CLANG_WARN_STRICT_PROTOTYPES = YES;
				CLANG_WARN_SUSPICIOUS_MOVE = YES;
				CLANG_WARN_UNGUARDED_AVAILABILITY = YES_AGGRESSIVE;
				CLANG_WARN_UNREACHABLE_CODE = YES;
				CLANG_WARN__DUPLICATE_METHOD_MATCH = YES;
				COPY_PHASE_STRIP = NO;
				DEBUG_INFORMATION_FORMAT = "dwarf-with-dsym";
				ENABLE_NS_ASSERTIONS = NO;
				ENABLE_STRICT_OBJC_MSGSEND = YES;
				ENABLE_USER_SCRIPT_SANDBOXING = YES;
				GCC_C_LANGUAGE_STANDARD = gnu17;
				GCC_NO_COMMON_BLOCKS = YES;
				GCC_WARN_64_TO_32_BIT_CONVERSION = YES;
				GCC_WARN_ABOUT_RETURN_TYPE = YES_ERROR;
				GCC_WARN_UNDECLARED_SELECTOR = YES;
				GCC_WARN_UNINITIALIZED_AUTOS = YES_AGGRESSIVE;
				GCC_WARN_UNUSED_FUNCTION = YES;
				GCC_WARN_UNUSED_VARIABLE = YES;
				IPHONEOS_DEPLOYMENT_TARGET = 16.0;
				LOCALIZATION_PREFERS_STRING_CATALOGS = YES;
				MTL_ENABLE_DEBUG_INFO = NO;
				MTL_FAST_MATH = YES;
				SDKROOT = iphoneos;
				SWIFT_COMPILATION_MODE = wholemodule;
				VALIDATE_PRODUCT = YES;
			};
			name = Release;
		};
		93FA5B7D2B64FCC400390115 /* Debug */ = {
			isa = XCBuildConfiguration;
			buildSettings = {
				ASSETCATALOG_COMPILER_APPICON_NAME = AppIcon;
				ASSETCATALOG_COMPILER_GLOBAL_ACCENT_COLOR_NAME = AccentColor;
				CODE_SIGN_STYLE = Automatic;
				CURRENT_PROJECT_VERSION = 1;
				DEVELOPMENT_TEAM = NHDBVA4HXP;
				GENERATE_INFOPLIST_FILE = YES;
				INFOPLIST_FILE = Xylophone/Info.plist;
				INFOPLIST_KEY_UIApplicationSupportsIndirectInputEvents = YES;
				INFOPLIST_KEY_UILaunchStoryboardName = LaunchScreen;
				INFOPLIST_KEY_UIMainStoryboardFile = Main;
				INFOPLIST_KEY_UISupportedInterfaceOrientations_iPad = "UIInterfaceOrientationPortrait UIInterfaceOrientationPortraitUpsideDown UIInterfaceOrientationLandscapeLeft UIInterfaceOrientationLandscapeRight";
				INFOPLIST_KEY_UISupportedInterfaceOrientations_iPhone = "UIInterfaceOrientationPortrait UIInterfaceOrientationLandscapeLeft UIInterfaceOrientationLandscapeRight";
				LD_RUNPATH_SEARCH_PATHS = (
					"$(inherited)",
					"@executable_path/Frameworks",
				);
				MARKETING_VERSION = 1.0;
				PRODUCT_BUNDLE_IDENTIFIER = com.profk.Xylophone;
				PRODUCT_NAME = "$(TARGET_NAME)";
				SWIFT_EMIT_LOC_STRINGS = YES;
				SWIFT_VERSION = 5.0;
				TARGETED_DEVICE_FAMILY = "1,2";
			};
			name = Debug;
		};
		93FA5B7E2B64FCC400390115 /* Release */ = {
			isa = XCBuildConfiguration;
			buildSettings = {
				ASSETCATALOG_COMPILER_APPICON_NAME = AppIcon;
				ASSETCATALOG_COMPILER_GLOBAL_ACCENT_COLOR_NAME = AccentColor;
				CODE_SIGN_STYLE = Automatic;
				CURRENT_PROJECT_VERSION = 1;
				DEVELOPMENT_TEAM = NHDBVA4HXP;
				GENERATE_INFOPLIST_FILE = YES;
				INFOPLIST_FILE = Xylophone/Info.plist;
				INFOPLIST_KEY_UIApplicationSupportsIndirectInputEvents = YES;
				INFOPLIST_KEY_UILaunchStoryboardName = LaunchScreen;
				INFOPLIST_KEY_UIMainStoryboardFile = Main;
				INFOPLIST_KEY_UISupportedInterfaceOrientations_iPad = "UIInterfaceOrientationPortrait UIInterfaceOrientationPortraitUpsideDown UIInterfaceOrientationLandscapeLeft UIInterfaceOrientationLandscapeRight";
				INFOPLIST_KEY_UISupportedInterfaceOrientations_iPhone = "UIInterfaceOrientationPortrait UIInterfaceOrientationLandscapeLeft UIInterfaceOrientationLandscapeRight";
				LD_RUNPATH_SEARCH_PATHS = (
					"$(inherited)",
					"@executable_path/Frameworks",
				);
				MARKETING_VERSION = 1.0;
				PRODUCT_BUNDLE_IDENTIFIER = com.profk.Xylophone;
				PRODUCT_NAME = "$(TARGET_NAME)";
				SWIFT_EMIT_LOC_STRINGS = YES;
				SWIFT_VERSION = 5.0;
				TARGETED_DEVICE_FAMILY = "1,2";
			};
			name = Release;
		};
/* End XCBuildConfiguration section */

/* Begin XCConfigurationList section */
		93FA5B632B64FCC200390115 /* Build configuration list for PBXProject "Xylophone" */ = {
			isa = XCConfigurationList;
			buildConfigurations = (
				93FA5B7A2B64FCC400390115 /* Debug */,
				93FA5B7B2B64FCC400390115 /* Release */,
			);
			defaultConfigurationIsVisible = 0;
			defaultConfigurationName = Release;
		};
		93FA5B7C2B64FCC400390115 /* Build configuration list for PBXNativeTarget "Xylophone" */ = {
			isa = XCConfigurationList;
			buildConfigurations = (
				93FA5B7D2B64FCC400390115 /* Debug */,
				93FA5B7E2B64FCC400390115 /* Release */,
			);
			defaultConfigurationIsVisible = 0;
			defaultConfigurationName = Release;
		};
/* End XCConfigurationList section */
	};
	rootObject = 93FA5B602B64FCC200390115 /* Project object */;
}
